{
  "name": "canvas",
  "version": "1.0.0",
  "lockfileVersion": 1,
  "requires": true,
  "dependencies": {
    "@interactjs/types": {
      "version": "1.10.2",
      "resolved": "https://registry.npmjs.org/@interactjs/types/-/types-1.10.2.tgz",
      "integrity": "sha512-l0T1bU8OHRv716ztQOYwP+K7b/lA76C0T3r/cdabbUv6CKeAFdFRRFlmNxYOM36SxMGWAiq5VWrN3SeXlB7Fow=="
    },
    "animejs": {
      "version": "3.2.1",
      "resolved": "https://registry.npmjs.org/animejs/-/animejs-3.2.1.tgz",
      "integrity": "sha512-sWno3ugFryK5nhiDm/2BKeFCpZv7vzerWUcUPyAZLDhMek3+S/p418ldZJbJXo5ZUOpfm2kP2XRO4NJcULMy9A=="
    },
    "interactjs": {
      "version": "1.10.2",
      "resolved": "https://registry.npmjs.org/interactjs/-/interactjs-1.10.2.tgz",
      "integrity": "sha512-5tj+4k0jtIzUj4TeLp4+F4VUAHXzQHnXfFwuaUsU1pnfRXiP3EqawsUpAn7gfAOS6Ltj6EQvvurCN9GJn/G/Pw==",
      "requires": {
        "@interactjs/types": "1.10.2"
      }
    },
    "v-dragged": {
      "version": "0.0.5",
      "resolved": "https://registry.npmjs.org/v-dragged/-/v-dragged-0.0.5.tgz",
      "integrity": "sha1-gMTCoziU+qLC/s4Ry7LxUGJjFqg="
    },
    "wxa-comp-canvas-drag": {
      "version": "0.0.1",
      "resolved": "https://registry.npmjs.org/wxa-comp-canvas-drag/-/wxa-comp-canvas-drag-0.0.1.tgz",
      "integrity": "sha512-UeDBYe8oRmp4R6m3YlIxB4rRNbsNeN0peH2XFPrFiVChwmVPcOj3faQrmp5L+6oSKlXRTdAJ8GOY1Yj2hS6gqQ=="
    }
  }
}
