{
  "name": "canvas",
  "version": "1.0.0",
  "lockfileVersion": 1,
  "requires": true,
  "dependencies": {
    "v-dragged": {
      "version": "0.0.5",
      "resolved": "https://registry.npmjs.org/v-dragged/-/v-dragged-0.0.5.tgz",
      "integrity": "sha1-gMTCoziU+qLC/s4Ry7LxUGJjFqg="
    },
    "wxa-comp-canvas-drag": {
      "version": "0.0.1",
      "resolved": "https://registry.npmjs.org/wxa-comp-canvas-drag/-/wxa-comp-canvas-drag-0.0.1.tgz",
      "integrity": "sha512-UeDBYe8oRmp4R6m3YlIxB4rRNbsNeN0peH2XFPrFiVChwmVPcOj3faQrmp5L+6oSKlXRTdAJ8GOY1Yj2hS6gqQ=="
    }
  }
}
